
Microsoft Visual Studio Solution File, Format Version 12.00
# Visual Studio 15
Project("{FAE04EC0-301F-11D3-BF4B-00C04F79EFBC}") = "Assembly-CSharp", "Assembly-CSharp.csproj", "{BE9DE5DC-8911-4454-B166-AB2135E61616}"
EndProject
Project("{FAE04EC0-301F-11D3-BF4B-00C04F79EFBC}") = "Assembly-CSharp-Editor", "Assembly-CSharp-Editor.csproj", "{29BD54E0-9A40-D0E5-29C1-51B2772889A0}"
EndProject
Global
	GlobalSection(SolutionConfigurationPlatforms) = preSolution
		Debug|Any CPU = Debug|Any CPU
		Release|Any CPU = Release|Any CPU
	EndGlobalSection
	GlobalSection(ProjectConfigurationPlatforms) = postSolution
		{BE9DE5DC-8911-4454-B166-AB2135E61616}.Debug|Any CPU.ActiveCfg = Debug|Any CPU
		{BE9DE5DC-8911-4454-B166-AB2135E61616}.Debug|Any CPU.Build.0 = Debug|Any CPU
		{BE9DE5DC-8911-4454-B166-AB2135E61616}.Release|Any CPU.ActiveCfg = Release|Any CPU
		{BE9DE5DC-8911-4454-B166-AB2135E61616}.Release|Any CPU.Build.0 = Release|Any CPU
		{29BD54E0-9A40-D0E5-29C1-51B2772889A0}.Debug|Any CPU.ActiveCfg = Debug|Any CPU
		{29BD54E0-9A40-D0E5-29C1-51B2772889A0}.Debug|Any CPU.Build.0 = Debug|Any CPU
		{29BD54E0-9A40-D0E5-29C1-51B2772889A0}.Release|Any CPU.ActiveCfg = Release|Any CPU
		{29BD54E0-9A40-D0E5-29C1-51B2772889A0}.Release|Any CPU.Build.0 = Release|Any CPU
	EndGlobalSection
	GlobalSection(SolutionProperties) = preSolution
		HideSolutionNode = FALSE
	EndGlobalSection
EndGlobal
